
Microsoft Visual Studio Solution File, Format Version 12.00
Project("{FAE04EC0-301F-11D3-BF4B-00C04F79EFBC}") = "LinkShortener.API", "LinkShortener.API\LinkShortener.API.csproj", "{C320399F-CF5A-4F84-936D-6BDF4A5D7424}"
EndProject
Project("{2150E333-8FDC-42A3-9474-1A3956D46DE8}") = "Solution Items", "Solution Items", "{17ABF908-EF11-4093-BB43-2515D1770E3E}"
	ProjectSection(SolutionItems) = preProject
		compose.yaml = compose.yaml
	EndProjectSection
EndProject
Project("{FAE04EC0-301F-11D3-BF4B-00C04F79EFBC}") = "LinkShortener.API.Tests", "LinkShortener.API.Tests\LinkShortener.API.Tests.csproj", "{CBFF8328-C730-46DE-8294-4976B51669B5}"
EndProject
Global
	GlobalSection(SolutionConfigurationPlatforms) = preSolution
		Debug|Any CPU = Debug|Any CPU
		Release|Any CPU = Release|Any CPU
	EndGlobalSection
	GlobalSection(ProjectConfigurationPlatforms) = postSolution
		{C320399F-CF5A-4F84-936D-6BDF4A5D7424}.Debug|Any CPU.ActiveCfg = Debug|Any CPU
		{C320399F-CF5A-4F84-936D-6BDF4A5D7424}.Debug|Any CPU.Build.0 = Debug|Any CPU
		{C320399F-CF5A-4F84-936D-6BDF4A5D7424}.Release|Any CPU.ActiveCfg = Release|Any CPU
		{C320399F-CF5A-4F84-936D-6BDF4A5D7424}.Release|Any CPU.Build.0 = Release|Any CPU
		{CBFF8328-C730-46DE-8294-4976B51669B5}.Debug|Any CPU.ActiveCfg = Debug|Any CPU
		{CBFF8328-C730-46DE-8294-4976B51669B5}.Debug|Any CPU.Build.0 = Debug|Any CPU
		{CBFF8328-C730-46DE-8294-4976B51669B5}.Release|Any CPU.ActiveCfg = Release|Any CPU
		{CBFF8328-C730-46DE-8294-4976B51669B5}.Release|Any CPU.Build.0 = Release|Any CPU
	EndGlobalSection
EndGlobal
